// !$*UTF8*$!
{
	archiveVersion = 1;
	classes = {
	};
	objectVersion = 50;
	objects = {

/* Begin PBXBuildFile section */
		AB864DCA26C624E6007AD95F /* main.cpp in Sources */ = {isa = PBXBuildFile; fileRef = AB864DC926C624E6007AD95F /* main.cpp */; };
		AB864DD226C62553007AD95F /* libassimp.dylib in Frameworks */ = {isa = PBXBuildFile; fileRef = AB864DD126C62553007AD95F /* libassimp.dylib */; };
		AB864DD426C6255A007AD95F /* libGLEW.dylib in Frameworks */ = {isa = PBXBuildFile; fileRef = AB864DD326C6255A007AD95F /* libGLEW.dylib */; };
		AB864DD626C6255E007AD95F /* libglfw.dylib in Frameworks */ = {isa = PBXBuildFile; fileRef = AB864DD526C6255E007AD95F /* libglfw.dylib */; };
		AB864DD826C625BA007AD95F /* glad.c in Sources */ = {isa = PBXBuildFile; fileRef = AB864DD726C625BA007AD95F /* glad.c */; };
		AB864DDD26C62772007AD95F /* Camera.cpp in Sources */ = {isa = PBXBuildFile; fileRef = AB864DD926C62772007AD95F /* Camera.cpp */; };
/* End PBXBuildFile section */

/* Begin PBXCopyFilesBuildPhase section */
		AB864DC426C624E6007AD95F /* CopyFiles */ = {
			isa = PBXCopyFilesBuildPhase;
			buildActionMask = 2147483647;
			dstPath = /usr/share/man/man1/;
			dstSubfolderSpec = 0;
			files = (
			);
			runOnlyForDeploymentPostprocessing = 1;
		};
/* End PBXCopyFilesBuildPhase section */

/* Begin PBXFileReference section */
		AB864DC626C624E6007AD95F /* OpenGL_Test25_Bloom */ = {isa = PBXFileReference; explicitFileType = "compiled.mach-o.executable"; includeInIndex = 0; path = OpenGL_Test25_Bloom; sourceTree = BUILT_PRODUCTS_DIR; };
		AB864DC926C624E6007AD95F /* main.cpp */ = {isa = PBXFileReference; lastKnownFileType = sourcecode.cpp.cpp; path = main.cpp; sourceTree = "<group>"; };
		AB864DD126C62553007AD95F /* libassimp.dylib */ = {isa = PBXFileReference; lastKnownFileType = "compiled.mach-o.dylib"; name = libassimp.dylib; path = ../../../assimp/5.0.1/lib/libassimp.dylib; sourceTree = "<group>"; };
		AB864DD326C6255A007AD95F /* libGLEW.dylib */ = {isa = PBXFileReference; lastKnownFileType = "compiled.mach-o.dylib"; name = libGLEW.dylib; path = ../../../glew/2.2.0_1/lib/libGLEW.dylib; sourceTree = "<group>"; };
		AB864DD526C6255E007AD95F /* libglfw.dylib */ = {isa = PBXFileReference; lastKnownFileType = "compiled.mach-o.dylib"; name = libglfw.dylib; path = ../../../glfw/3.3.4/lib/libglfw.dylib; sourceTree = "<group>"; };
		AB864DD726C625BA007AD95F /* glad.c */ = {isa = PBXFileReference; fileEncoding = 4; lastKnownFileType = sourcecode.c.c; name = glad.c; path = ../../../../glad/src/glad.c; sourceTree = "<group>"; };
		AB864DD926C62772007AD95F /* Camera.cpp */ = {isa = PBXFileReference; fileEncoding = 4; lastKnownFileType = sourcecode.cpp.cpp; path = Camera.cpp; sourceTree = "<group>"; };
		AB864DDA26C62772007AD95F /* stb_image.h */ = {isa = PBXFileReference; fileEncoding = 4; lastKnownFileType = sourcecode.c.h; path = stb_image.h; sourceTree = "<group>"; };
		AB864DDB26C62772007AD95F /* Shader.h */ = {isa = PBXFileReference; fileEncoding = 4; lastKnownFileType = sourcecode.c.h; path = Shader.h; sourceTree = "<group>"; };
		AB864DDC26C62772007AD95F /* Camera.hpp */ = {isa = PBXFileReference; fileEncoding = 4; lastKnownFileType = sourcecode.cpp.h; path = Camera.hpp; sourceTree = "<group>"; };
		AB864DE826C62833007AD95F /* BloomFinal.vs */ = {isa = PBXFileReference; lastKnownFileType = sourcecode.glsl; path = BloomFinal.vs; sourceTree = "<group>"; };
		AB864DE926C62833007AD95F /* LightBox.fs */ = {isa = PBXFileReference; lastKnownFileType = sourcecode.glsl; path = LightBox.fs; sourceTree = "<group>"; };
		AB864DEA26C62833007AD95F /* Bloom.fs */ = {isa = PBXFileReference; lastKnownFileType = sourcecode.glsl; path = Bloom.fs; sourceTree = "<group>"; };
		AB864DEB26C62833007AD95F /* Blur.fs */ = {isa = PBXFileReference; lastKnownFileType = sourcecode.glsl; path = Blur.fs; sourceTree = "<group>"; };
		AB864DEC26C62833007AD95F /* Blur.vs */ = {isa = PBXFileReference; lastKnownFileType = sourcecode.glsl; path = Blur.vs; sourceTree = "<group>"; };
		AB864DED26C62833007AD95F /* Bloom.vs */ = {isa = PBXFileReference; lastKnownFileType = sourcecode.glsl; path = Bloom.vs; sourceTree = "<group>"; };
		AB864DEE26C62833007AD95F /* LightBox.vs */ = {isa = PBXFileReference; lastKnownFileType = sourcecode.glsl; path = LightBox.vs; sourceTree = "<group>"; };
		AB864DEF26C62833007AD95F /* BloomFinal.fs */ = {isa = PBXFileReference; lastKnownFileType = sourcecode.glsl; path = BloomFinal.fs; sourceTree = "<group>"; };
/* End PBXFileReference section */

/* Begin PBXFrameworksBuildPhase section */
		AB864DC326C624E6007AD95F /* Frameworks */ = {
			isa = PBXFrameworksBuildPhase;
			buildActionMask = 2147483647;
			files = (
				AB864DD226C62553007AD95F /* libassimp.dylib in Frameworks */,
				AB864DD426C6255A007AD95F /* libGLEW.dylib in Frameworks */,
				AB864DD626C6255E007AD95F /* libglfw.dylib in Frameworks */,
			);
			runOnlyForDeploymentPostprocessing = 0;
		};
/* End PBXFrameworksBuildPhase section */

/* Begin PBXGroup section */
		AB864DBD26C624E6007AD95F = {
			isa = PBXGroup;
			children = (
				AB864DC826C624E6007AD95F /* OpenGL_Test25_Bloom */,
				AB864DC726C624E6007AD95F /* Products */,
				AB864DD026C62553007AD95F /* Frameworks */,
			);
			sourceTree = "<group>";
		};
		AB864DC726C624E6007AD95F /* Products */ = {
			isa = PBXGroup;
			children = (
				AB864DC626C624E6007AD95F /* OpenGL_Test25_Bloom */,
			);
			name = Products;
			sourceTree = "<group>";
		};
		AB864DC826C624E6007AD95F /* OpenGL_Test25_Bloom */ = {
			isa = PBXGroup;
			children = (
				AB864DE726C62833007AD95F /* LightShader */,
				AB864DD926C62772007AD95F /* Camera.cpp */,
				AB864DDC26C62772007AD95F /* Camera.hpp */,
				AB864DDB26C62772007AD95F /* Shader.h */,
				AB864DDA26C62772007AD95F /* stb_image.h */,
				AB864DD726C625BA007AD95F /* glad.c */,
				AB864DC926C624E6007AD95F /* main.cpp */,
			);
			path = OpenGL_Test25_Bloom;
			sourceTree = "<group>";
		};
		AB864DD026C62553007AD95F /* Frameworks */ = {
			isa = PBXGroup;
			children = (
				AB864DD526C6255E007AD95F /* libglfw.dylib */,
				AB864DD326C6255A007AD95F /* libGLEW.dylib */,
				AB864DD126C62553007AD95F /* libassimp.dylib */,
			);
			name = Frameworks;
			sourceTree = "<group>";
		};
		AB864DE726C62833007AD95F /* LightShader */ = {
			isa = PBXGroup;
			children = (
				AB864DED26C62833007AD95F /* Bloom.vs */,
				AB864DEA26C62833007AD95F /* Bloom.fs */,
				AB864DEE26C62833007AD95F /* LightBox.vs */,
				AB864DE926C62833007AD95F /* LightBox.fs */,
				AB864DEC26C62833007AD95F /* Blur.vs */,
				AB864DEB26C62833007AD95F /* Blur.fs */,
				AB864DE826C62833007AD95F /* BloomFinal.vs */,
				AB864DEF26C62833007AD95F /* BloomFinal.fs */,
			);
			path = LightShader;
			sourceTree = "<group>";
		};
/* End PBXGroup section */

/* Begin PBXNativeTarget section */
		AB864DC526C624E6007AD95F /* OpenGL_Test25_Bloom */ = {
			isa = PBXNativeTarget;
			buildConfigurationList = AB864DCD26C624E6007AD95F /* Build configuration list for PBXNativeTarget "OpenGL_Test25_Bloom" */;
			buildPhases = (
				AB864DC226C624E6007AD95F /* Sources */,
				AB864DC326C624E6007AD95F /* Frameworks */,
				AB864DC426C624E6007AD95F /* CopyFiles */,
			);
			buildRules = (
			);
			dependencies = (
			);
			name = OpenGL_Test25_Bloom;
			productName = OpenGL_Test25_Bloom;
			productReference = AB864DC626C624E6007AD95F /* OpenGL_Test25_Bloom */;
			productType = "com.apple.product-type.tool";
		};
/* End PBXNativeTarget section */

/* Begin PBXProject section */
		AB864DBE26C624E6007AD95F /* Project object */ = {
			isa = PBXProject;
			attributes = {
				LastUpgradeCheck = 1250;
				TargetAttributes = {
					AB864DC526C624E6007AD95F = {
						CreatedOnToolsVersion = 12.5.1;
					};
				};
			};
			buildConfigurationList = AB864DC126C624E6007AD95F /* Build configuration list for PBXProject "OpenGL_Test25_Bloom" */;
			compatibilityVersion = "Xcode 9.3";
			developmentRegion = en;
			hasScannedForEncodings = 0;
			knownRegions = (
				en,
				Base,
			);
			mainGroup = AB864DBD26C624E6007AD95F;
			productRefGroup = AB864DC726C624E6007AD95F /* Products */;
			projectDirPath = "";
			projectRoot = "";
			targets = (
				AB864DC526C624E6007AD95F /* OpenGL_Test25_Bloom */,
			);
		};
/* End PBXProject section */

/* Begin PBXSourcesBuildPhase section */
		AB864DC226C624E6007AD95F /* Sources */ = {
			isa = PBXSourcesBuildPhase;
			buildActionMask = 2147483647;
			files = (
				AB864DCA26C624E6007AD95F /* main.cpp in Sources */,
				AB864DDD26C62772007AD95F /* Camera.cpp in Sources */,
				AB864DD826C625BA007AD95F /* glad.c in Sources */,
			);
			runOnlyForDeploymentPostprocessing = 0;
		};
/* End PBXSourcesBuildPhase section */

/* Begin XCBuildConfiguration section */
		AB864DCB26C624E6007AD95F /* Debug */ = {
			isa = XCBuildConfiguration;
			buildSettings = {
				ALWAYS_SEARCH_USER_PATHS = NO;
				CLANG_ANALYZER_NONNULL = YES;
				CLANG_ANALYZER_NUMBER_OBJECT_CONVERSION = YES_AGGRESSIVE;
				CLANG_CXX_LANGUAGE_STANDARD = "gnu++14";
				CLANG_CXX_LIBRARY = "libc++";
				CLANG_ENABLE_MODULES = YES;
				CLANG_ENABLE_OBJC_ARC = YES;
				CLANG_ENABLE_OBJC_WEAK = YES;
				CLANG_WARN_BLOCK_CAPTURE_AUTORELEASING = YES;
				CLANG_WARN_BOOL_CONVERSION = YES;
				CLANG_WARN_COMMA = YES;
				CLANG_WARN_CONSTANT_CONVERSION = YES;
				CLANG_WARN_DEPRECATED_OBJC_IMPLEMENTATIONS = YES;
				CLANG_WARN_DIRECT_OBJC_ISA_USAGE = YES_ERROR;
				CLANG_WARN_DOCUMENTATION_COMMENTS = YES;
				CLANG_WARN_EMPTY_BODY = YES;
				CLANG_WARN_ENUM_CONVERSION = YES;
				CLANG_WARN_INFINITE_RECURSION = YES;
				CLANG_WARN_INT_CONVERSION = YES;
				CLANG_WARN_NON_LITERAL_NULL_CONVERSION = YES;
				CLANG_WARN_OBJC_IMPLICIT_RETAIN_SELF = YES;
				CLANG_WARN_OBJC_LITERAL_CONVERSION = YES;
				CLANG_WARN_OBJC_ROOT_CLASS = YES_ERROR;
				CLANG_WARN_QUOTED_INCLUDE_IN_FRAMEWORK_HEADER = YES;
				CLANG_WARN_RANGE_LOOP_ANALYSIS = YES;
				CLANG_WARN_STRICT_PROTOTYPES = YES;
				CLANG_WARN_SUSPICIOUS_MOVE = YES;
				CLANG_WARN_UNGUARDED_AVAILABILITY = YES_AGGRESSIVE;
				CLANG_WARN_UNREACHABLE_CODE = YES;
				CLANG_WARN__DUPLICATE_METHOD_MATCH = YES;
				COPY_PHASE_STRIP = NO;
				DEBUG_INFORMATION_FORMAT = dwarf;
				ENABLE_STRICT_OBJC_MSGSEND = YES;
				ENABLE_TESTABILITY = YES;
				GCC_C_LANGUAGE_STANDARD = gnu11;
				GCC_DYNAMIC_NO_PIC = NO;
				GCC_NO_COMMON_BLOCKS = YES;
				GCC_OPTIMIZATION_LEVEL = 0;
				GCC_PREPROCESSOR_DEFINITIONS = (
					"DEBUG=1",
					"$(inherited)",
				);
				GCC_WARN_64_TO_32_BIT_CONVERSION = YES;
				GCC_WARN_ABOUT_RETURN_TYPE = YES_ERROR;
				GCC_WARN_UNDECLARED_SELECTOR = YES;
				GCC_WARN_UNINITIALIZED_AUTOS = YES_AGGRESSIVE;
				GCC_WARN_UNUSED_FUNCTION = YES;
				GCC_WARN_UNUSED_VARIABLE = YES;
				MACOSX_DEPLOYMENT_TARGET = 11.3;
				MTL_ENABLE_DEBUG_INFO = INCLUDE_SOURCE;
				MTL_FAST_MATH = YES;
				ONLY_ACTIVE_ARCH = YES;
				SDKROOT = macosx;
			};
			name = Debug;
		};
		AB864DCC26C624E6007AD95F /* Release */ = {
			isa = XCBuildConfiguration;
			buildSettings = {
				ALWAYS_SEARCH_USER_PATHS = NO;
				CLANG_ANALYZER_NONNULL = YES;
				CLANG_ANALYZER_NUMBER_OBJECT_CONVERSION = YES_AGGRESSIVE;
				CLANG_CXX_LANGUAGE_STANDARD = "gnu++14";
				CLANG_CXX_LIBRARY = "libc++";
				CLANG_ENABLE_MODULES = YES;
				CLANG_ENABLE_OBJC_ARC = YES;
				CLANG_ENABLE_OBJC_WEAK = YES;
				CLANG_WARN_BLOCK_CAPTURE_AUTORELEASING = YES;
				CLANG_WARN_BOOL_CONVERSION = YES;
				CLANG_WARN_COMMA = YES;
				CLANG_WARN_CONSTANT_CONVERSION = YES;
				CLANG_WARN_DEPRECATED_OBJC_IMPLEMENTATIONS = YES;
				CLANG_WARN_DIRECT_OBJC_ISA_USAGE = YES_ERROR;
				CLANG_WARN_DOCUMENTATION_COMMENTS = YES;
				CLANG_WARN_EMPTY_BODY = YES;
				CLANG_WARN_ENUM_CONVERSION = YES;
				CLANG_WARN_INFINITE_RECURSION = YES;
				CLANG_WARN_INT_CONVERSION = YES;
				CLANG_WARN_NON_LITERAL_NULL_CONVERSION = YES;
				CLANG_WARN_OBJC_IMPLICIT_RETAIN_SELF = YES;
				CLANG_WARN_OBJC_LITERAL_CONVERSION = YES;
				CLANG_WARN_OBJC_ROOT_CLASS = YES_ERROR;
				CLANG_WARN_QUOTED_INCLUDE_IN_FRAMEWORK_HEADER = YES;
				CLANG_WARN_RANGE_LOOP_ANALYSIS = YES;
				CLANG_WARN_STRICT_PROTOTYPES = YES;
				CLANG_WARN_SUSPICIOUS_MOVE = YES;
				CLANG_WARN_UNGUARDED_AVAILABILITY = YES_AGGRESSIVE;
				CLANG_WARN_UNREACHABLE_CODE = YES;
				CLANG_WARN__DUPLICATE_METHOD_MATCH = YES;
				COPY_PHASE_STRIP = NO;
				DEBUG_INFORMATION_FORMAT = "dwarf-with-dsym";
				ENABLE_NS_ASSERTIONS = NO;
				ENABLE_STRICT_OBJC_MSGSEND = YES;
				GCC_C_LANGUAGE_STANDARD = gnu11;
				GCC_NO_COMMON_BLOCKS = YES;
				GCC_WARN_64_TO_32_BIT_CONVERSION = YES;
				GCC_WARN_ABOUT_RETURN_TYPE = YES_ERROR;
				GCC_WARN_UNDECLARED_SELECTOR = YES;
				GCC_WARN_UNINITIALIZED_AUTOS = YES_AGGRESSIVE;
				GCC_WARN_UNUSED_FUNCTION = YES;
				GCC_WARN_UNUSED_VARIABLE = YES;
				MACOSX_DEPLOYMENT_TARGET = 11.3;
				MTL_ENABLE_DEBUG_INFO = NO;
				MTL_FAST_MATH = YES;
				SDKROOT = macosx;
			};
			name = Release;
		};
		AB864DCE26C624E6007AD95F /* Debug */ = {
			isa = XCBuildConfiguration;
			buildSettings = {
				CODE_SIGN_STYLE = Automatic;
				HEADER_SEARCH_PATHS = (
					"\"$(SRCROOT)/../../../assimp/5.0.1/include\"",
					"\"$(SRCROOT)/../../../glad/include\"",
					"\"$(SRCROOT)/../../../glew/2.2.0_1/include\"",
					"\"$(SRCROOT)/../../../glfw/3.3.4/include\"",
					"\"$(SRCROOT)/../../../glm/0.9.9.8/include\"",
				);
				LIBRARY_SEARCH_PATHS = (
					"\"$(SRCROOT)/../../../glfw/3.3.4/lib\"",
					"\"$(SRCROOT)/../../../glew/2.2.0_1/lib\"",
					"\"$(SRCROOT)/../../../assimp/5.0.1/lib\"",
				);
				PRODUCT_NAME = "$(TARGET_NAME)";
			};
			name = Debug;
		};
		AB864DCF26C624E6007AD95F /* Release */ = {
			isa = XCBuildConfiguration;
			buildSettings = {
				CODE_SIGN_STYLE = Automatic;
				HEADER_SEARCH_PATHS = (
					"\"$(SRCROOT)/../../../assimp/5.0.1/include\"",
					"\"$(SRCROOT)/../../../glad/include\"",
					"\"$(SRCROOT)/../../../glew/2.2.0_1/include\"",
					"\"$(SRCROOT)/../../../glfw/3.3.4/include\"",
					"\"$(SRCROOT)/../../../glm/0.9.9.8/include\"",
				);
				LIBRARY_SEARCH_PATHS = (
					"\"$(SRCROOT)/../../../glfw/3.3.4/lib\"",
					"\"$(SRCROOT)/../../../glew/2.2.0_1/lib\"",
					"\"$(SRCROOT)/../../../assimp/5.0.1/lib\"",
				);
				PRODUCT_NAME = "$(TARGET_NAME)";
			};
			name = Release;
		};
/* End XCBuildConfiguration section */

/* Begin XCConfigurationList section */
		AB864DC126C624E6007AD95F /* Build configuration list for PBXProject "OpenGL_Test25_Bloom" */ = {
			isa = XCConfigurationList;
			buildConfigurations = (
				AB864DCB26C624E6007AD95F /* Debug */,
				AB864DCC26C624E6007AD95F /* Release */,
			);
			defaultConfigurationIsVisible = 0;
			defaultConfigurationName = Release;
		};
		AB864DCD26C624E6007AD95F /* Build configuration list for PBXNativeTarget "OpenGL_Test25_Bloom" */ = {
			isa = XCConfigurationList;
			buildConfigurations = (
				AB864DCE26C624E6007AD95F /* Debug */,
				AB864DCF26C624E6007AD95F /* Release */,
			);
			defaultConfigurationIsVisible = 0;
			defaultConfigurationName = Release;
		};
/* End XCConfigurationList section */
	};
	rootObject = AB864DBE26C624E6007AD95F /* Project object */;
}
